
Microsoft Visual Studio Solution File, Format Version 12.00
# Visual Studio Version 17
VisualStudioVersion = 17.12.35527.113
MinimumVisualStudioVersion = 10.0.40219.1
Project("{FAE04EC0-301F-11D3-BF4B-00C04F79EFBC}") = "ApiGateway", "ApiGateway\ApiGateway.csproj", "{ADDC52C4-4548-47E2-8804-F61A3C50F9CE}"
EndProject
Project("{2150E333-8FDC-42A3-9474-1A3956D46DE8}") = "Services", "Services", "{02EA681E-C7D8-13C7-8484-4AC65E1B71E8}"
EndProject
Project("{2150E333-8FDC-42A3-9474-1A3956D46DE8}") = "Product", "Product", "{E0F36761-FAAA-492A-A486-FC182B9E57D5}"
EndProject
Project("{2150E333-8FDC-42A3-9474-1A3956D46DE8}") = "Core", "Core", "{C76BDD5A-DD6E-4953-9FAF-9CF28F9E1A97}"
EndProject
Project("{2150E333-8FDC-42A3-9474-1A3956D46DE8}") = "Infastructure", "Infastructure", "{CC61A166-48B5-4083-B131-A969D8233E33}"
EndProject
Project("{2150E333-8FDC-42A3-9474-1A3956D46DE8}") = "Presentation", "Presentation", "{08BDF0E8-CEB3-4C51-8C2C-437A8323E9BA}"
EndProject
Project("{FAE04EC0-301F-11D3-BF4B-00C04F79EFBC}") = "Product.Application", "Services\Product\Core\Product.Application\Product.Application.csproj", "{082A153E-1A1A-4134-B244-13883A158C84}"
EndProject
Project("{FAE04EC0-301F-11D3-BF4B-00C04F79EFBC}") = "Product.Domain", "Services\Product\Core\Product.Domain\Product.Domain.csproj", "{39252DEF-2021-4218-8DE0-518F349BD9B3}"
EndProject
Project("{FAE04EC0-301F-11D3-BF4B-00C04F79EFBC}") = "Product.Infastructure", "Services\Product\Infastructure\Product.Infastructure\Product.Infastructure.csproj", "{64676D8F-19DC-4D6C-A0E8-E31364D2E015}"
EndProject
Project("{FAE04EC0-301F-11D3-BF4B-00C04F79EFBC}") = "Product.Persistence", "Services\Product\Infastructure\Product.Persistence\Product.Persistence.csproj", "{71FBDE8C-EF4F-4C8D-909D-7327E65D4F28}"
EndProject
Project("{FAE04EC0-301F-11D3-BF4B-00C04F79EFBC}") = "Product.API", "Services\Product\Presentation\Product.API\Product.API.csproj", "{5749967B-30F1-45BE-A056-5D26391FE61D}"
EndProject
Project("{2150E333-8FDC-42A3-9474-1A3956D46DE8}") = "Base", "Base", "{9208900C-F4D9-4ABC-B977-82D05F4095C5}"
EndProject
Project("{FAE04EC0-301F-11D3-BF4B-00C04F79EFBC}") = "Ecommerce.Base", "Services\Base\Ecommerce.Base\Ecommerce.Base.csproj", "{7BF03E67-1157-484D-AE96-D037CD2CA9AF}"
EndProject
Project("{FAE04EC0-301F-11D3-BF4B-00C04F79EFBC}") = "EventBus.Messages", "Services\EventBus.Messages\EventBus.Messages\EventBus.Messages.csproj", "{4E64370F-3D49-4384-A1F8-4809186CF0EB}"
EndProject
Project("{FAE04EC0-301F-11D3-BF4B-00C04F79EFBC}") = "IdentityServer", "IdentityServer\IdentityServer.csproj", "{AF5BEFDA-28AE-7603-040D-593562AC6BD5}"
EndProject
Project("{2150E333-8FDC-42A3-9474-1A3956D46DE8}") = "Basket", "Basket", "{68B09AB0-1629-4181-8DCA-7B96164EE070}"
EndProject
Project("{2150E333-8FDC-42A3-9474-1A3956D46DE8}") = "Core", "Core", "{D6868DA8-DD4A-4E09-8594-B10104440ED1}"
EndProject
Project("{2150E333-8FDC-42A3-9474-1A3956D46DE8}") = "Infrastructure", "Infrastructure", "{3CB9BB7C-5267-44F3-93A0-9AFB6D1CE2D3}"
EndProject
Project("{2150E333-8FDC-42A3-9474-1A3956D46DE8}") = "Presentation", "Presentation", "{59D1356E-B755-485E-827D-7125894A63AB}"
EndProject
Project("{FAE04EC0-301F-11D3-BF4B-00C04F79EFBC}") = "Basket.Application", "Services\Basket\Application\Basket.Application\Basket.Application.csproj", "{D2503293-274F-4E12-950D-CAEEFE4CFC60}"
EndProject
Project("{FAE04EC0-301F-11D3-BF4B-00C04F79EFBC}") = "Basket.Domain", "Services\Basket\Basket.Domain\Basket.Domain\Basket.Domain.csproj", "{19C4F787-F74B-4418-BCC8-9B04F72DED0F}"
EndProject
Project("{FAE04EC0-301F-11D3-BF4B-00C04F79EFBC}") = "Basket.Infastructure", "Services\Basket\Basket.Infastructure\Basket.Infastructure\Basket.Infastructure.csproj", "{9D09BBCE-7B6C-4386-82F2-14BDD8BEB8AB}"
EndProject
Project("{FAE04EC0-301F-11D3-BF4B-00C04F79EFBC}") = "Basket.Persistence", "Services\Basket\Basket.Persistence\Basket.Persistence\Basket.Persistence.csproj", "{72C61A59-626C-4296-8274-B2AEDAFA351B}"
EndProject
Project("{FAE04EC0-301F-11D3-BF4B-00C04F79EFBC}") = "Basket.API", "Services\Basket\Basket.API\Basket.API\Basket.API.csproj", "{AFE6AB7F-16B8-48DF-8BF7-72AA94178B8E}"
EndProject
Global
	GlobalSection(SolutionConfigurationPlatforms) = preSolution
		Debug|Any CPU = Debug|Any CPU
		Release|Any CPU = Release|Any CPU
	EndGlobalSection
	GlobalSection(ProjectConfigurationPlatforms) = postSolution
		{ADDC52C4-4548-47E2-8804-F61A3C50F9CE}.Debug|Any CPU.ActiveCfg = Debug|Any CPU
		{ADDC52C4-4548-47E2-8804-F61A3C50F9CE}.Debug|Any CPU.Build.0 = Debug|Any CPU
		{ADDC52C4-4548-47E2-8804-F61A3C50F9CE}.Release|Any CPU.ActiveCfg = Release|Any CPU
		{ADDC52C4-4548-47E2-8804-F61A3C50F9CE}.Release|Any CPU.Build.0 = Release|Any CPU
		{082A153E-1A1A-4134-B244-13883A158C84}.Debug|Any CPU.ActiveCfg = Debug|Any CPU
		{082A153E-1A1A-4134-B244-13883A158C84}.Debug|Any CPU.Build.0 = Debug|Any CPU
		{082A153E-1A1A-4134-B244-13883A158C84}.Release|Any CPU.ActiveCfg = Release|Any CPU
		{082A153E-1A1A-4134-B244-13883A158C84}.Release|Any CPU.Build.0 = Release|Any CPU
		{39252DEF-2021-4218-8DE0-518F349BD9B3}.Debug|Any CPU.ActiveCfg = Debug|Any CPU
		{39252DEF-2021-4218-8DE0-518F349BD9B3}.Debug|Any CPU.Build.0 = Debug|Any CPU
		{39252DEF-2021-4218-8DE0-518F349BD9B3}.Release|Any CPU.ActiveCfg = Release|Any CPU
		{39252DEF-2021-4218-8DE0-518F349BD9B3}.Release|Any CPU.Build.0 = Release|Any CPU
		{64676D8F-19DC-4D6C-A0E8-E31364D2E015}.Debug|Any CPU.ActiveCfg = Debug|Any CPU
		{64676D8F-19DC-4D6C-A0E8-E31364D2E015}.Debug|Any CPU.Build.0 = Debug|Any CPU
		{64676D8F-19DC-4D6C-A0E8-E31364D2E015}.Release|Any CPU.ActiveCfg = Release|Any CPU
		{64676D8F-19DC-4D6C-A0E8-E31364D2E015}.Release|Any CPU.Build.0 = Release|Any CPU
		{71FBDE8C-EF4F-4C8D-909D-7327E65D4F28}.Debug|Any CPU.ActiveCfg = Debug|Any CPU
		{71FBDE8C-EF4F-4C8D-909D-7327E65D4F28}.Debug|Any CPU.Build.0 = Debug|Any CPU
		{71FBDE8C-EF4F-4C8D-909D-7327E65D4F28}.Release|Any CPU.ActiveCfg = Release|Any CPU
		{71FBDE8C-EF4F-4C8D-909D-7327E65D4F28}.Release|Any CPU.Build.0 = Release|Any CPU
		{5749967B-30F1-45BE-A056-5D26391FE61D}.Debug|Any CPU.ActiveCfg = Debug|Any CPU
		{5749967B-30F1-45BE-A056-5D26391FE61D}.Debug|Any CPU.Build.0 = Debug|Any CPU
		{5749967B-30F1-45BE-A056-5D26391FE61D}.Release|Any CPU.ActiveCfg = Release|Any CPU
		{5749967B-30F1-45BE-A056-5D26391FE61D}.Release|Any CPU.Build.0 = Release|Any CPU
		{7BF03E67-1157-484D-AE96-D037CD2CA9AF}.Debug|Any CPU.ActiveCfg = Debug|Any CPU
		{7BF03E67-1157-484D-AE96-D037CD2CA9AF}.Debug|Any CPU.Build.0 = Debug|Any CPU
		{7BF03E67-1157-484D-AE96-D037CD2CA9AF}.Release|Any CPU.ActiveCfg = Release|Any CPU
		{7BF03E67-1157-484D-AE96-D037CD2CA9AF}.Release|Any CPU.Build.0 = Release|Any CPU
		{4E64370F-3D49-4384-A1F8-4809186CF0EB}.Debug|Any CPU.ActiveCfg = Debug|Any CPU
		{4E64370F-3D49-4384-A1F8-4809186CF0EB}.Debug|Any CPU.Build.0 = Debug|Any CPU
		{4E64370F-3D49-4384-A1F8-4809186CF0EB}.Release|Any CPU.ActiveCfg = Release|Any CPU
		{4E64370F-3D49-4384-A1F8-4809186CF0EB}.Release|Any CPU.Build.0 = Release|Any CPU
		{AF5BEFDA-28AE-7603-040D-593562AC6BD5}.Debug|Any CPU.ActiveCfg = Debug|Any CPU
		{AF5BEFDA-28AE-7603-040D-593562AC6BD5}.Debug|Any CPU.Build.0 = Debug|Any CPU
		{AF5BEFDA-28AE-7603-040D-593562AC6BD5}.Release|Any CPU.ActiveCfg = Release|Any CPU
		{AF5BEFDA-28AE-7603-040D-593562AC6BD5}.Release|Any CPU.Build.0 = Release|Any CPU
		{D2503293-274F-4E12-950D-CAEEFE4CFC60}.Debug|Any CPU.ActiveCfg = Debug|Any CPU
		{D2503293-274F-4E12-950D-CAEEFE4CFC60}.Debug|Any CPU.Build.0 = Debug|Any CPU
		{D2503293-274F-4E12-950D-CAEEFE4CFC60}.Release|Any CPU.ActiveCfg = Release|Any CPU
		{D2503293-274F-4E12-950D-CAEEFE4CFC60}.Release|Any CPU.Build.0 = Release|Any CPU
		{19C4F787-F74B-4418-BCC8-9B04F72DED0F}.Debug|Any CPU.ActiveCfg = Debug|Any CPU
		{19C4F787-F74B-4418-BCC8-9B04F72DED0F}.Debug|Any CPU.Build.0 = Debug|Any CPU
		{19C4F787-F74B-4418-BCC8-9B04F72DED0F}.Release|Any CPU.ActiveCfg = Release|Any CPU
		{19C4F787-F74B-4418-BCC8-9B04F72DED0F}.Release|Any CPU.Build.0 = Release|Any CPU
		{9D09BBCE-7B6C-4386-82F2-14BDD8BEB8AB}.Debug|Any CPU.ActiveCfg = Debug|Any CPU
		{9D09BBCE-7B6C-4386-82F2-14BDD8BEB8AB}.Debug|Any CPU.Build.0 = Debug|Any CPU
		{9D09BBCE-7B6C-4386-82F2-14BDD8BEB8AB}.Release|Any CPU.ActiveCfg = Release|Any CPU
		{9D09BBCE-7B6C-4386-82F2-14BDD8BEB8AB}.Release|Any CPU.Build.0 = Release|Any CPU
		{72C61A59-626C-4296-8274-B2AEDAFA351B}.Debug|Any CPU.ActiveCfg = Debug|Any CPU
		{72C61A59-626C-4296-8274-B2AEDAFA351B}.Debug|Any CPU.Build.0 = Debug|Any CPU
		{72C61A59-626C-4296-8274-B2AEDAFA351B}.Release|Any CPU.ActiveCfg = Release|Any CPU
		{72C61A59-626C-4296-8274-B2AEDAFA351B}.Release|Any CPU.Build.0 = Release|Any CPU
		{AFE6AB7F-16B8-48DF-8BF7-72AA94178B8E}.Debug|Any CPU.ActiveCfg = Debug|Any CPU
		{AFE6AB7F-16B8-48DF-8BF7-72AA94178B8E}.Debug|Any CPU.Build.0 = Debug|Any CPU
		{AFE6AB7F-16B8-48DF-8BF7-72AA94178B8E}.Release|Any CPU.ActiveCfg = Release|Any CPU
		{AFE6AB7F-16B8-48DF-8BF7-72AA94178B8E}.Release|Any CPU.Build.0 = Release|Any CPU
	EndGlobalSection
	GlobalSection(SolutionProperties) = preSolution
		HideSolutionNode = FALSE
	EndGlobalSection
	GlobalSection(NestedProjects) = preSolution
		{E0F36761-FAAA-492A-A486-FC182B9E57D5} = {02EA681E-C7D8-13C7-8484-4AC65E1B71E8}
		{C76BDD5A-DD6E-4953-9FAF-9CF28F9E1A97} = {E0F36761-FAAA-492A-A486-FC182B9E57D5}
		{CC61A166-48B5-4083-B131-A969D8233E33} = {E0F36761-FAAA-492A-A486-FC182B9E57D5}
		{08BDF0E8-CEB3-4C51-8C2C-437A8323E9BA} = {E0F36761-FAAA-492A-A486-FC182B9E57D5}
		{082A153E-1A1A-4134-B244-13883A158C84} = {C76BDD5A-DD6E-4953-9FAF-9CF28F9E1A97}
		{39252DEF-2021-4218-8DE0-518F349BD9B3} = {C76BDD5A-DD6E-4953-9FAF-9CF28F9E1A97}
		{64676D8F-19DC-4D6C-A0E8-E31364D2E015} = {CC61A166-48B5-4083-B131-A969D8233E33}
		{71FBDE8C-EF4F-4C8D-909D-7327E65D4F28} = {CC61A166-48B5-4083-B131-A969D8233E33}
		{5749967B-30F1-45BE-A056-5D26391FE61D} = {08BDF0E8-CEB3-4C51-8C2C-437A8323E9BA}
		{9208900C-F4D9-4ABC-B977-82D05F4095C5} = {02EA681E-C7D8-13C7-8484-4AC65E1B71E8}
		{7BF03E67-1157-484D-AE96-D037CD2CA9AF} = {9208900C-F4D9-4ABC-B977-82D05F4095C5}
		{4E64370F-3D49-4384-A1F8-4809186CF0EB} = {9208900C-F4D9-4ABC-B977-82D05F4095C5}
		{68B09AB0-1629-4181-8DCA-7B96164EE070} = {02EA681E-C7D8-13C7-8484-4AC65E1B71E8}
		{D6868DA8-DD4A-4E09-8594-B10104440ED1} = {68B09AB0-1629-4181-8DCA-7B96164EE070}
		{3CB9BB7C-5267-44F3-93A0-9AFB6D1CE2D3} = {68B09AB0-1629-4181-8DCA-7B96164EE070}
		{59D1356E-B755-485E-827D-7125894A63AB} = {68B09AB0-1629-4181-8DCA-7B96164EE070}
		{D2503293-274F-4E12-950D-CAEEFE4CFC60} = {D6868DA8-DD4A-4E09-8594-B10104440ED1}
		{19C4F787-F74B-4418-BCC8-9B04F72DED0F} = {D6868DA8-DD4A-4E09-8594-B10104440ED1}
		{9D09BBCE-7B6C-4386-82F2-14BDD8BEB8AB} = {3CB9BB7C-5267-44F3-93A0-9AFB6D1CE2D3}
		{72C61A59-626C-4296-8274-B2AEDAFA351B} = {3CB9BB7C-5267-44F3-93A0-9AFB6D1CE2D3}
		{AFE6AB7F-16B8-48DF-8BF7-72AA94178B8E} = {59D1356E-B755-485E-827D-7125894A63AB}
	EndGlobalSection
	GlobalSection(ExtensibilityGlobals) = postSolution
		SolutionGuid = {72D2BAC1-ABF0-48F4-B9A6-C239DEF1A44D}
	EndGlobalSection
EndGlobal
