
Microsoft Visual Studio Solution File, Format Version 12.00
# Visual Studio Version 17
VisualStudioVersion = 17.12.35527.113 d17.12
MinimumVisualStudioVersion = 10.0.40219.1
Project("{FAE04EC0-301F-11D3-BF4B-00C04F79EFBC}") = "ApiGateway", "ApiGateway\ApiGateway.csproj", "{ADDC52C4-4548-47E2-8804-F61A3C50F9CE}"
EndProject
Global
	GlobalSection(SolutionConfigurationPlatforms) = preSolution
		Debug|Any CPU = Debug|Any CPU
		Release|Any CPU = Release|Any CPU
	EndGlobalSection
	GlobalSection(ProjectConfigurationPlatforms) = postSolution
		{ADDC52C4-4548-47E2-8804-F61A3C50F9CE}.Debug|Any CPU.ActiveCfg = Debug|Any CPU
		{ADDC52C4-4548-47E2-8804-F61A3C50F9CE}.Debug|Any CPU.Build.0 = Debug|Any CPU
		{ADDC52C4-4548-47E2-8804-F61A3C50F9CE}.Release|Any CPU.ActiveCfg = Release|Any CPU
		{ADDC52C4-4548-47E2-8804-F61A3C50F9CE}.Release|Any CPU.Build.0 = Release|Any CPU
	EndGlobalSection
	GlobalSection(SolutionProperties) = preSolution
		HideSolutionNode = FALSE
	EndGlobalSection
EndGlobal
