
Microsoft Visual Studio Solution File, Format Version 12.00
# Visual Studio Version 17
VisualStudioVersion = 17.12.35527.113
MinimumVisualStudioVersion = 10.0.40219.1
Project("{FAE04EC0-301F-11D3-BF4B-00C04F79EFBC}") = "ApiGateway", "ApiGateway\ApiGateway.csproj", "{ADDC52C4-4548-47E2-8804-F61A3C50F9CE}"
EndProject
Project("{2150E333-8FDC-42A3-9474-1A3956D46DE8}") = "Services", "Services", "{02EA681E-C7D8-13C7-8484-4AC65E1B71E8}"
EndProject
Project("{2150E333-8FDC-42A3-9474-1A3956D46DE8}") = "Product", "Product", "{E0F36761-FAAA-492A-A486-FC182B9E57D5}"
EndProject
Project("{2150E333-8FDC-42A3-9474-1A3956D46DE8}") = "Core", "Core", "{C76BDD5A-DD6E-4953-9FAF-9CF28F9E1A97}"
EndProject
Project("{2150E333-8FDC-42A3-9474-1A3956D46DE8}") = "Infastructure", "Infastructure", "{CC61A166-48B5-4083-B131-A969D8233E33}"
EndProject
Project("{2150E333-8FDC-42A3-9474-1A3956D46DE8}") = "Presentation", "Presentation", "{08BDF0E8-CEB3-4C51-8C2C-437A8323E9BA}"
EndProject
Project("{FAE04EC0-301F-11D3-BF4B-00C04F79EFBC}") = "Product.Application", "Services\Product\Core\Product.Application\Product.Application.csproj", "{082A153E-1A1A-4134-B244-13883A158C84}"
EndProject
Project("{FAE04EC0-301F-11D3-BF4B-00C04F79EFBC}") = "Product.Domain", "Services\Product\Core\Product.Domain\Product.Domain.csproj", "{39252DEF-2021-4218-8DE0-518F349BD9B3}"
EndProject
Project("{FAE04EC0-301F-11D3-BF4B-00C04F79EFBC}") = "Product.Infastructure", "Services\Product\Infastructure\Product.Infastructure\Product.Infastructure.csproj", "{64676D8F-19DC-4D6C-A0E8-E31364D2E015}"
EndProject
Project("{FAE04EC0-301F-11D3-BF4B-00C04F79EFBC}") = "Product.Persistence", "Services\Product\Infastructure\Product.Persistence\Product.Persistence.csproj", "{71FBDE8C-EF4F-4C8D-909D-7327E65D4F28}"
EndProject
Project("{FAE04EC0-301F-11D3-BF4B-00C04F79EFBC}") = "Product.API", "Services\Product\Presentation\Product.API\Product.API.csproj", "{5749967B-30F1-45BE-A056-5D26391FE61D}"
EndProject
Project("{2150E333-8FDC-42A3-9474-1A3956D46DE8}") = "Base", "Base", "{9208900C-F4D9-4ABC-B977-82D05F4095C5}"
EndProject
Project("{FAE04EC0-301F-11D3-BF4B-00C04F79EFBC}") = "Ecommerce.Base", "Services\Base\Ecommerce.Base\Ecommerce.Base.csproj", "{7BF03E67-1157-484D-AE96-D037CD2CA9AF}"
EndProject
Project("{FAE04EC0-301F-11D3-BF4B-00C04F79EFBC}") = "IdentityServer", "IdentityServer\IdentityServer.csproj", "{AF5BEFDA-28AE-7603-040D-593562AC6BD5}"
EndProject
Project("{2150E333-8FDC-42A3-9474-1A3956D46DE8}") = "Basket", "Basket", "{5C29B882-E14B-427A-AA91-23D6FA15FEEF}"
EndProject
Project("{FAE04EC0-301F-11D3-BF4B-00C04F79EFBC}") = "Basket.API", "Services\Basket\Basket.API\Basket.API.csproj", "{93BFE136-87C3-493D-8EDC-D27CD0C388FC}"
EndProject
Project("{2150E333-8FDC-42A3-9474-1A3956D46DE8}") = "Order", "Order", "{00AE9321-566E-4899-AB3F-380BEF305CB6}"
EndProject
Project("{2150E333-8FDC-42A3-9474-1A3956D46DE8}") = "Core", "Core", "{121971E1-81BA-4CDB-BD1B-3B5CB2470341}"
EndProject
Project("{2150E333-8FDC-42A3-9474-1A3956D46DE8}") = "Infastructure", "Infastructure", "{1F579743-E5BA-4F81-B871-B736895CCFA0}"
EndProject
Project("{2150E333-8FDC-42A3-9474-1A3956D46DE8}") = "Presentation", "Presentation", "{35C0F19B-B5A3-4149-AF35-578706672B6C}"
EndProject
Project("{FAE04EC0-301F-11D3-BF4B-00C04F79EFBC}") = "Order.Application", "Services\Order\Order.Application\Order.Application.csproj", "{23EC025F-C7EC-49A4-94BF-E9BB5F4DE28B}"
EndProject
Project("{FAE04EC0-301F-11D3-BF4B-00C04F79EFBC}") = "Order.Domain", "Services\Order\Order.Domain\Order.Domain.csproj", "{DAE7B665-A885-41CA-B995-E5053EC96E2C}"
EndProject
Project("{FAE04EC0-301F-11D3-BF4B-00C04F79EFBC}") = "Order.Infastructure", "Services\Order\Order.Infastructure\Order.Infastructure.csproj", "{7D9CEDD1-6B3A-4F3F-9EBF-94A2D80BD0E9}"
EndProject
Project("{FAE04EC0-301F-11D3-BF4B-00C04F79EFBC}") = "Order.Persistance", "Services\Order\Order.Persistance\Order.Persistance.csproj", "{DE24BA94-8726-43C8-83DC-58C57FB17AE6}"
EndProject
Project("{FAE04EC0-301F-11D3-BF4B-00C04F79EFBC}") = "Order.API", "Services\Order\Order.API\Order.API.csproj", "{A090B76F-70C4-4CAA-B28C-6D6FFC3AB81B}"
EndProject
Project("{FAE04EC0-301F-11D3-BF4B-00C04F79EFBC}") = "Caching.Redis", "Services\Base\Caching.Redis\Caching.Redis.csproj", "{64F57F19-9AF8-4BCE-9250-CCD326F0C171}"
EndProject
Project("{FAE04EC0-301F-11D3-BF4B-00C04F79EFBC}") = "Logging", "Services\Base\Logging\Logging.csproj", "{7ECF24B0-DAF8-4CBB-A0C6-F12D9CFFE63D}"
EndProject
Project("{FAE04EC0-301F-11D3-BF4B-00C04F79EFBC}") = "EventStore", "Services\Base\EventStore\EventStore.csproj", "{A36846A0-701A-40D4-B97D-C401AAB7B638}"
EndProject
Project("{2150E333-8FDC-42A3-9474-1A3956D46DE8}") = "FakePayment", "FakePayment", "{C260138A-BB6E-46E5-95D4-1875ADA0E020}"
EndProject
Project("{FAE04EC0-301F-11D3-BF4B-00C04F79EFBC}") = "FakePayment", "Services\FakePayment\FakePayment.csproj", "{F2FA8393-912A-4A17-97F7-1856AC371545}"
EndProject
Project("{2150E333-8FDC-42A3-9474-1A3956D46DE8}") = "ChatBot", "ChatBot", "{EA668DA8-3B6E-4D58-B604-63DDD6AC3A11}"
EndProject
Project("{FAE04EC0-301F-11D3-BF4B-00C04F79EFBC}") = "ChatBot", "Services\ChatBot\ChatBot\ChatBot.csproj", "{74C80667-BA4C-4CC0-8CE3-C5FABE8335CE}"
EndProject
Project("{FAE04EC0-301F-11D3-BF4B-00C04F79EFBC}") = "LoginService", "Services\Base\LoginService\LoginService.csproj", "{DD468645-092F-4344-AC57-95B1498CB978}"
EndProject
Global
	GlobalSection(SolutionConfigurationPlatforms) = preSolution
		Debug|Any CPU = Debug|Any CPU
		Release|Any CPU = Release|Any CPU
	EndGlobalSection
	GlobalSection(ProjectConfigurationPlatforms) = postSolution
		{ADDC52C4-4548-47E2-8804-F61A3C50F9CE}.Debug|Any CPU.ActiveCfg = Debug|Any CPU
		{ADDC52C4-4548-47E2-8804-F61A3C50F9CE}.Debug|Any CPU.Build.0 = Debug|Any CPU
		{ADDC52C4-4548-47E2-8804-F61A3C50F9CE}.Release|Any CPU.ActiveCfg = Release|Any CPU
		{ADDC52C4-4548-47E2-8804-F61A3C50F9CE}.Release|Any CPU.Build.0 = Release|Any CPU
		{082A153E-1A1A-4134-B244-13883A158C84}.Debug|Any CPU.ActiveCfg = Debug|Any CPU
		{082A153E-1A1A-4134-B244-13883A158C84}.Debug|Any CPU.Build.0 = Debug|Any CPU
		{082A153E-1A1A-4134-B244-13883A158C84}.Release|Any CPU.ActiveCfg = Release|Any CPU
		{082A153E-1A1A-4134-B244-13883A158C84}.Release|Any CPU.Build.0 = Release|Any CPU
		{39252DEF-2021-4218-8DE0-518F349BD9B3}.Debug|Any CPU.ActiveCfg = Debug|Any CPU
		{39252DEF-2021-4218-8DE0-518F349BD9B3}.Debug|Any CPU.Build.0 = Debug|Any CPU
		{39252DEF-2021-4218-8DE0-518F349BD9B3}.Release|Any CPU.ActiveCfg = Release|Any CPU
		{39252DEF-2021-4218-8DE0-518F349BD9B3}.Release|Any CPU.Build.0 = Release|Any CPU
		{64676D8F-19DC-4D6C-A0E8-E31364D2E015}.Debug|Any CPU.ActiveCfg = Debug|Any CPU
		{64676D8F-19DC-4D6C-A0E8-E31364D2E015}.Debug|Any CPU.Build.0 = Debug|Any CPU
		{64676D8F-19DC-4D6C-A0E8-E31364D2E015}.Release|Any CPU.ActiveCfg = Release|Any CPU
		{64676D8F-19DC-4D6C-A0E8-E31364D2E015}.Release|Any CPU.Build.0 = Release|Any CPU
		{71FBDE8C-EF4F-4C8D-909D-7327E65D4F28}.Debug|Any CPU.ActiveCfg = Debug|Any CPU
		{71FBDE8C-EF4F-4C8D-909D-7327E65D4F28}.Debug|Any CPU.Build.0 = Debug|Any CPU
		{71FBDE8C-EF4F-4C8D-909D-7327E65D4F28}.Release|Any CPU.ActiveCfg = Release|Any CPU
		{71FBDE8C-EF4F-4C8D-909D-7327E65D4F28}.Release|Any CPU.Build.0 = Release|Any CPU
		{5749967B-30F1-45BE-A056-5D26391FE61D}.Debug|Any CPU.ActiveCfg = Debug|Any CPU
		{5749967B-30F1-45BE-A056-5D26391FE61D}.Debug|Any CPU.Build.0 = Debug|Any CPU
		{5749967B-30F1-45BE-A056-5D26391FE61D}.Release|Any CPU.ActiveCfg = Release|Any CPU
		{5749967B-30F1-45BE-A056-5D26391FE61D}.Release|Any CPU.Build.0 = Release|Any CPU
		{7BF03E67-1157-484D-AE96-D037CD2CA9AF}.Debug|Any CPU.ActiveCfg = Debug|Any CPU
		{7BF03E67-1157-484D-AE96-D037CD2CA9AF}.Debug|Any CPU.Build.0 = Debug|Any CPU
		{7BF03E67-1157-484D-AE96-D037CD2CA9AF}.Release|Any CPU.ActiveCfg = Release|Any CPU
		{7BF03E67-1157-484D-AE96-D037CD2CA9AF}.Release|Any CPU.Build.0 = Release|Any CPU
		{AF5BEFDA-28AE-7603-040D-593562AC6BD5}.Debug|Any CPU.ActiveCfg = Debug|Any CPU
		{AF5BEFDA-28AE-7603-040D-593562AC6BD5}.Debug|Any CPU.Build.0 = Debug|Any CPU
		{AF5BEFDA-28AE-7603-040D-593562AC6BD5}.Release|Any CPU.ActiveCfg = Release|Any CPU
		{AF5BEFDA-28AE-7603-040D-593562AC6BD5}.Release|Any CPU.Build.0 = Release|Any CPU
		{93BFE136-87C3-493D-8EDC-D27CD0C388FC}.Debug|Any CPU.ActiveCfg = Debug|Any CPU
		{93BFE136-87C3-493D-8EDC-D27CD0C388FC}.Debug|Any CPU.Build.0 = Debug|Any CPU
		{93BFE136-87C3-493D-8EDC-D27CD0C388FC}.Release|Any CPU.ActiveCfg = Release|Any CPU
		{93BFE136-87C3-493D-8EDC-D27CD0C388FC}.Release|Any CPU.Build.0 = Release|Any CPU
		{23EC025F-C7EC-49A4-94BF-E9BB5F4DE28B}.Debug|Any CPU.ActiveCfg = Debug|Any CPU
		{23EC025F-C7EC-49A4-94BF-E9BB5F4DE28B}.Debug|Any CPU.Build.0 = Debug|Any CPU
		{23EC025F-C7EC-49A4-94BF-E9BB5F4DE28B}.Release|Any CPU.ActiveCfg = Release|Any CPU
		{23EC025F-C7EC-49A4-94BF-E9BB5F4DE28B}.Release|Any CPU.Build.0 = Release|Any CPU
		{DAE7B665-A885-41CA-B995-E5053EC96E2C}.Debug|Any CPU.ActiveCfg = Debug|Any CPU
		{DAE7B665-A885-41CA-B995-E5053EC96E2C}.Debug|Any CPU.Build.0 = Debug|Any CPU
		{DAE7B665-A885-41CA-B995-E5053EC96E2C}.Release|Any CPU.ActiveCfg = Release|Any CPU
		{DAE7B665-A885-41CA-B995-E5053EC96E2C}.Release|Any CPU.Build.0 = Release|Any CPU
		{7D9CEDD1-6B3A-4F3F-9EBF-94A2D80BD0E9}.Debug|Any CPU.ActiveCfg = Debug|Any CPU
		{7D9CEDD1-6B3A-4F3F-9EBF-94A2D80BD0E9}.Debug|Any CPU.Build.0 = Debug|Any CPU
		{7D9CEDD1-6B3A-4F3F-9EBF-94A2D80BD0E9}.Release|Any CPU.ActiveCfg = Release|Any CPU
		{7D9CEDD1-6B3A-4F3F-9EBF-94A2D80BD0E9}.Release|Any CPU.Build.0 = Release|Any CPU
		{DE24BA94-8726-43C8-83DC-58C57FB17AE6}.Debug|Any CPU.ActiveCfg = Debug|Any CPU
		{DE24BA94-8726-43C8-83DC-58C57FB17AE6}.Debug|Any CPU.Build.0 = Debug|Any CPU
		{DE24BA94-8726-43C8-83DC-58C57FB17AE6}.Release|Any CPU.ActiveCfg = Release|Any CPU
		{DE24BA94-8726-43C8-83DC-58C57FB17AE6}.Release|Any CPU.Build.0 = Release|Any CPU
		{A090B76F-70C4-4CAA-B28C-6D6FFC3AB81B}.Debug|Any CPU.ActiveCfg = Debug|Any CPU
		{A090B76F-70C4-4CAA-B28C-6D6FFC3AB81B}.Debug|Any CPU.Build.0 = Debug|Any CPU
		{A090B76F-70C4-4CAA-B28C-6D6FFC3AB81B}.Release|Any CPU.ActiveCfg = Release|Any CPU
		{A090B76F-70C4-4CAA-B28C-6D6FFC3AB81B}.Release|Any CPU.Build.0 = Release|Any CPU
		{64F57F19-9AF8-4BCE-9250-CCD326F0C171}.Debug|Any CPU.ActiveCfg = Debug|Any CPU
		{64F57F19-9AF8-4BCE-9250-CCD326F0C171}.Debug|Any CPU.Build.0 = Debug|Any CPU
		{64F57F19-9AF8-4BCE-9250-CCD326F0C171}.Release|Any CPU.ActiveCfg = Release|Any CPU
		{64F57F19-9AF8-4BCE-9250-CCD326F0C171}.Release|Any CPU.Build.0 = Release|Any CPU
		{7ECF24B0-DAF8-4CBB-A0C6-F12D9CFFE63D}.Debug|Any CPU.ActiveCfg = Debug|Any CPU
		{7ECF24B0-DAF8-4CBB-A0C6-F12D9CFFE63D}.Debug|Any CPU.Build.0 = Debug|Any CPU
		{7ECF24B0-DAF8-4CBB-A0C6-F12D9CFFE63D}.Release|Any CPU.ActiveCfg = Release|Any CPU
		{7ECF24B0-DAF8-4CBB-A0C6-F12D9CFFE63D}.Release|Any CPU.Build.0 = Release|Any CPU
		{A36846A0-701A-40D4-B97D-C401AAB7B638}.Debug|Any CPU.ActiveCfg = Debug|Any CPU
		{A36846A0-701A-40D4-B97D-C401AAB7B638}.Debug|Any CPU.Build.0 = Debug|Any CPU
		{A36846A0-701A-40D4-B97D-C401AAB7B638}.Release|Any CPU.ActiveCfg = Release|Any CPU
		{A36846A0-701A-40D4-B97D-C401AAB7B638}.Release|Any CPU.Build.0 = Release|Any CPU
		{F2FA8393-912A-4A17-97F7-1856AC371545}.Debug|Any CPU.ActiveCfg = Debug|Any CPU
		{F2FA8393-912A-4A17-97F7-1856AC371545}.Debug|Any CPU.Build.0 = Debug|Any CPU
		{F2FA8393-912A-4A17-97F7-1856AC371545}.Release|Any CPU.ActiveCfg = Release|Any CPU
		{F2FA8393-912A-4A17-97F7-1856AC371545}.Release|Any CPU.Build.0 = Release|Any CPU
		{74C80667-BA4C-4CC0-8CE3-C5FABE8335CE}.Debug|Any CPU.ActiveCfg = Debug|Any CPU
		{74C80667-BA4C-4CC0-8CE3-C5FABE8335CE}.Debug|Any CPU.Build.0 = Debug|Any CPU
		{74C80667-BA4C-4CC0-8CE3-C5FABE8335CE}.Release|Any CPU.ActiveCfg = Release|Any CPU
		{74C80667-BA4C-4CC0-8CE3-C5FABE8335CE}.Release|Any CPU.Build.0 = Release|Any CPU
		{DD468645-092F-4344-AC57-95B1498CB978}.Debug|Any CPU.ActiveCfg = Debug|Any CPU
		{DD468645-092F-4344-AC57-95B1498CB978}.Debug|Any CPU.Build.0 = Debug|Any CPU
		{DD468645-092F-4344-AC57-95B1498CB978}.Release|Any CPU.ActiveCfg = Release|Any CPU
		{DD468645-092F-4344-AC57-95B1498CB978}.Release|Any CPU.Build.0 = Release|Any CPU
	EndGlobalSection
	GlobalSection(SolutionProperties) = preSolution
		HideSolutionNode = FALSE
	EndGlobalSection
	GlobalSection(NestedProjects) = preSolution
		{E0F36761-FAAA-492A-A486-FC182B9E57D5} = {02EA681E-C7D8-13C7-8484-4AC65E1B71E8}
		{C76BDD5A-DD6E-4953-9FAF-9CF28F9E1A97} = {E0F36761-FAAA-492A-A486-FC182B9E57D5}
		{CC61A166-48B5-4083-B131-A969D8233E33} = {E0F36761-FAAA-492A-A486-FC182B9E57D5}
		{08BDF0E8-CEB3-4C51-8C2C-437A8323E9BA} = {E0F36761-FAAA-492A-A486-FC182B9E57D5}
		{082A153E-1A1A-4134-B244-13883A158C84} = {C76BDD5A-DD6E-4953-9FAF-9CF28F9E1A97}
		{39252DEF-2021-4218-8DE0-518F349BD9B3} = {C76BDD5A-DD6E-4953-9FAF-9CF28F9E1A97}
		{64676D8F-19DC-4D6C-A0E8-E31364D2E015} = {CC61A166-48B5-4083-B131-A969D8233E33}
		{71FBDE8C-EF4F-4C8D-909D-7327E65D4F28} = {CC61A166-48B5-4083-B131-A969D8233E33}
		{5749967B-30F1-45BE-A056-5D26391FE61D} = {08BDF0E8-CEB3-4C51-8C2C-437A8323E9BA}
		{9208900C-F4D9-4ABC-B977-82D05F4095C5} = {02EA681E-C7D8-13C7-8484-4AC65E1B71E8}
		{7BF03E67-1157-484D-AE96-D037CD2CA9AF} = {9208900C-F4D9-4ABC-B977-82D05F4095C5}
		{5C29B882-E14B-427A-AA91-23D6FA15FEEF} = {02EA681E-C7D8-13C7-8484-4AC65E1B71E8}
		{93BFE136-87C3-493D-8EDC-D27CD0C388FC} = {5C29B882-E14B-427A-AA91-23D6FA15FEEF}
		{00AE9321-566E-4899-AB3F-380BEF305CB6} = {02EA681E-C7D8-13C7-8484-4AC65E1B71E8}
		{121971E1-81BA-4CDB-BD1B-3B5CB2470341} = {00AE9321-566E-4899-AB3F-380BEF305CB6}
		{1F579743-E5BA-4F81-B871-B736895CCFA0} = {00AE9321-566E-4899-AB3F-380BEF305CB6}
		{35C0F19B-B5A3-4149-AF35-578706672B6C} = {00AE9321-566E-4899-AB3F-380BEF305CB6}
		{23EC025F-C7EC-49A4-94BF-E9BB5F4DE28B} = {121971E1-81BA-4CDB-BD1B-3B5CB2470341}
		{DAE7B665-A885-41CA-B995-E5053EC96E2C} = {121971E1-81BA-4CDB-BD1B-3B5CB2470341}
		{7D9CEDD1-6B3A-4F3F-9EBF-94A2D80BD0E9} = {1F579743-E5BA-4F81-B871-B736895CCFA0}
		{DE24BA94-8726-43C8-83DC-58C57FB17AE6} = {1F579743-E5BA-4F81-B871-B736895CCFA0}
		{A090B76F-70C4-4CAA-B28C-6D6FFC3AB81B} = {35C0F19B-B5A3-4149-AF35-578706672B6C}
		{64F57F19-9AF8-4BCE-9250-CCD326F0C171} = {9208900C-F4D9-4ABC-B977-82D05F4095C5}
		{7ECF24B0-DAF8-4CBB-A0C6-F12D9CFFE63D} = {9208900C-F4D9-4ABC-B977-82D05F4095C5}
		{A36846A0-701A-40D4-B97D-C401AAB7B638} = {9208900C-F4D9-4ABC-B977-82D05F4095C5}
		{C260138A-BB6E-46E5-95D4-1875ADA0E020} = {02EA681E-C7D8-13C7-8484-4AC65E1B71E8}
		{F2FA8393-912A-4A17-97F7-1856AC371545} = {C260138A-BB6E-46E5-95D4-1875ADA0E020}
		{EA668DA8-3B6E-4D58-B604-63DDD6AC3A11} = {02EA681E-C7D8-13C7-8484-4AC65E1B71E8}
		{74C80667-BA4C-4CC0-8CE3-C5FABE8335CE} = {EA668DA8-3B6E-4D58-B604-63DDD6AC3A11}
		{DD468645-092F-4344-AC57-95B1498CB978} = {9208900C-F4D9-4ABC-B977-82D05F4095C5}
	EndGlobalSection
	GlobalSection(ExtensibilityGlobals) = postSolution
		SolutionGuid = {72D2BAC1-ABF0-48F4-B9A6-C239DEF1A44D}
	EndGlobalSection
EndGlobal
